
Microsoft Visual Studio Solution File, Format Version 12.00
# Visual Studio Version 17
VisualStudioVersion = 17.7.34202.233
MinimumVisualStudioVersion = 10.0.40219.1
Project("{2150E333-8FDC-42A3-9474-1A3956D46DE8}") = "src", "src", "{09C24DBB-4FBD-46EF-B018-A529426A100D}"
EndProject
Project("{2150E333-8FDC-42A3-9474-1A3956D46DE8}") = "Core", "Core", "{0FA4FF65-26DD-4EA9-9693-2DA31F69FB42}"
EndProject
Project("{2150E333-8FDC-42A3-9474-1A3956D46DE8}") = "Application", "Application", "{6F1A5F54-52D7-4ECB-BBC3-423710788306}"
EndProject
Project("{2150E333-8FDC-42A3-9474-1A3956D46DE8}") = "Domain", "Domain", "{05CEA6A0-C056-48D3-BFC5-E70DA91295B7}"
EndProject
Project("{2150E333-8FDC-42A3-9474-1A3956D46DE8}") = "Infrastructure", "Infrastructure", "{58F07E56-2402-4BCD-A5C9-7789508ADF9D}"
EndProject
Project("{9A19103F-16F7-4668-BE54-9A1E7A4F7556}") = "ECommerceApplication.Application", "ECommerceApplication.Application\ECommerceApplication.Application.csproj", "{ED00E84E-812A-4FFE-A48D-3821F8A2B9EF}"
EndProject
Project("{2150E333-8FDC-42A3-9474-1A3956D46DE8}") = "test", "test", "{F1A7CDD9-E8C5-4DFC-9A86-BF328AD17B17}"
EndProject
Project("{2150E333-8FDC-42A3-9474-1A3956D46DE8}") = "API", "API", "{85ABDAAC-EC61-4099-A803-2E9DDB9F0258}"
EndProject
Project("{9A19103F-16F7-4668-BE54-9A1E7A4F7556}") = "ECommerceApplication.API", "ECommerceApplication.API\ECommerceApplication.API.csproj", "{B38A1B06-9FE7-4166-BFE8-69DEB378852B}"
EndProject
Project("{9A19103F-16F7-4668-BE54-9A1E7A4F7556}") = "ECommerceApplication.Domain", "ECommerceApplication.Domain\ECommerceApplication.Domain.csproj", "{BCCAD0C6-2D41-4D6A-BD47-8900EF8B56CE}"
EndProject
Project("{9A19103F-16F7-4668-BE54-9A1E7A4F7556}") = "ECommerceApplication.Infrastructure", "ECommerceApplication.Infrastructure\ECommerceApplication.Infrastructure.csproj", "{D16FF2C7-9022-42B1-AFF1-7128254FF063}"
EndProject
Project("{9A19103F-16F7-4668-BE54-9A1E7A4F7556}") = "ECommerceApplication.Identity", "ECommerceApplication.Identity\ECommerceApplication.Identity.csproj", "{19FB580A-BA73-4E53-BE1F-40C70FB7F9CD}"
EndProject
Project("{2150E333-8FDC-42A3-9474-1A3956D46DE8}") = "UI", "UI", "{84950543-F69F-4EE0-B3BF-00FEDCCCE5A2}"
EndProject
Project("{9A19103F-16F7-4668-BE54-9A1E7A4F7556}") = "ECommerceApplication.App", "ECommerceApplication.App\ECommerceApplication.App.csproj", "{65605EC0-0F0D-464A-9AC2-9D1706E0E1C9}"
EndProject
Project("{9A19103F-16F7-4668-BE54-9A1E7A4F7556}") = "ECommerceApplication.Domain.Tests", "ECommerceApplication.Domain.Tests\ECommerceApplication.Domain.Tests.csproj", "{5C9C2FB7-7A4A-4A5A-A3BE-70681060884B}"
EndProject
Project("{9A19103F-16F7-4668-BE54-9A1E7A4F7556}") = "ECommercerApplication.Application.Tests", "ECommercerApplication.Application.Tests\ECommercerApplication.Application.Tests.csproj", "{0C03181D-2A23-4C9B-9BD1-FFB5E43D289D}"
EndProject
Project("{9A19103F-16F7-4668-BE54-9A1E7A4F7556}") = "ECommerceApplication.Api.IntegrationTests", "ECommerceApplication.Api.IntegrationTests\ECommerceApplication.Api.IntegrationTests.csproj", "{EDE18604-4AE5-4E9E-90C0-FE5D29E38CCD}"
EndProject
Global
	GlobalSection(SolutionConfigurationPlatforms) = preSolution
		Debug|Any CPU = Debug|Any CPU
		Release|Any CPU = Release|Any CPU
	EndGlobalSection
	GlobalSection(ProjectConfigurationPlatforms) = postSolution
		{ED00E84E-812A-4FFE-A48D-3821F8A2B9EF}.Debug|Any CPU.ActiveCfg = Debug|Any CPU
		{ED00E84E-812A-4FFE-A48D-3821F8A2B9EF}.Debug|Any CPU.Build.0 = Debug|Any CPU
		{ED00E84E-812A-4FFE-A48D-3821F8A2B9EF}.Release|Any CPU.ActiveCfg = Release|Any CPU
		{ED00E84E-812A-4FFE-A48D-3821F8A2B9EF}.Release|Any CPU.Build.0 = Release|Any CPU
		{B38A1B06-9FE7-4166-BFE8-69DEB378852B}.Debug|Any CPU.ActiveCfg = Debug|Any CPU
		{B38A1B06-9FE7-4166-BFE8-69DEB378852B}.Debug|Any CPU.Build.0 = Debug|Any CPU
		{B38A1B06-9FE7-4166-BFE8-69DEB378852B}.Release|Any CPU.ActiveCfg = Release|Any CPU
		{B38A1B06-9FE7-4166-BFE8-69DEB378852B}.Release|Any CPU.Build.0 = Release|Any CPU
		{BCCAD0C6-2D41-4D6A-BD47-8900EF8B56CE}.Debug|Any CPU.ActiveCfg = Debug|Any CPU
		{BCCAD0C6-2D41-4D6A-BD47-8900EF8B56CE}.Debug|Any CPU.Build.0 = Debug|Any CPU
		{BCCAD0C6-2D41-4D6A-BD47-8900EF8B56CE}.Release|Any CPU.ActiveCfg = Release|Any CPU
		{BCCAD0C6-2D41-4D6A-BD47-8900EF8B56CE}.Release|Any CPU.Build.0 = Release|Any CPU
		{D16FF2C7-9022-42B1-AFF1-7128254FF063}.Debug|Any CPU.ActiveCfg = Debug|Any CPU
		{D16FF2C7-9022-42B1-AFF1-7128254FF063}.Debug|Any CPU.Build.0 = Debug|Any CPU
		{D16FF2C7-9022-42B1-AFF1-7128254FF063}.Release|Any CPU.ActiveCfg = Release|Any CPU
		{D16FF2C7-9022-42B1-AFF1-7128254FF063}.Release|Any CPU.Build.0 = Release|Any CPU
		{19FB580A-BA73-4E53-BE1F-40C70FB7F9CD}.Debug|Any CPU.ActiveCfg = Debug|Any CPU
		{19FB580A-BA73-4E53-BE1F-40C70FB7F9CD}.Debug|Any CPU.Build.0 = Debug|Any CPU
		{19FB580A-BA73-4E53-BE1F-40C70FB7F9CD}.Release|Any CPU.ActiveCfg = Release|Any CPU
		{19FB580A-BA73-4E53-BE1F-40C70FB7F9CD}.Release|Any CPU.Build.0 = Release|Any CPU
		{65605EC0-0F0D-464A-9AC2-9D1706E0E1C9}.Debug|Any CPU.ActiveCfg = Debug|Any CPU
		{65605EC0-0F0D-464A-9AC2-9D1706E0E1C9}.Debug|Any CPU.Build.0 = Debug|Any CPU
		{65605EC0-0F0D-464A-9AC2-9D1706E0E1C9}.Release|Any CPU.ActiveCfg = Release|Any CPU
		{65605EC0-0F0D-464A-9AC2-9D1706E0E1C9}.Release|Any CPU.Build.0 = Release|Any CPU
		{5C9C2FB7-7A4A-4A5A-A3BE-70681060884B}.Debug|Any CPU.ActiveCfg = Debug|Any CPU
		{5C9C2FB7-7A4A-4A5A-A3BE-70681060884B}.Debug|Any CPU.Build.0 = Debug|Any CPU
		{5C9C2FB7-7A4A-4A5A-A3BE-70681060884B}.Release|Any CPU.ActiveCfg = Release|Any CPU
		{5C9C2FB7-7A4A-4A5A-A3BE-70681060884B}.Release|Any CPU.Build.0 = Release|Any CPU
		{0C03181D-2A23-4C9B-9BD1-FFB5E43D289D}.Debug|Any CPU.ActiveCfg = Debug|Any CPU
		{0C03181D-2A23-4C9B-9BD1-FFB5E43D289D}.Debug|Any CPU.Build.0 = Debug|Any CPU
		{0C03181D-2A23-4C9B-9BD1-FFB5E43D289D}.Release|Any CPU.ActiveCfg = Release|Any CPU
		{0C03181D-2A23-4C9B-9BD1-FFB5E43D289D}.Release|Any CPU.Build.0 = Release|Any CPU
		{EDE18604-4AE5-4E9E-90C0-FE5D29E38CCD}.Debug|Any CPU.ActiveCfg = Debug|Any CPU
		{EDE18604-4AE5-4E9E-90C0-FE5D29E38CCD}.Debug|Any CPU.Build.0 = Debug|Any CPU
		{EDE18604-4AE5-4E9E-90C0-FE5D29E38CCD}.Release|Any CPU.ActiveCfg = Release|Any CPU
		{EDE18604-4AE5-4E9E-90C0-FE5D29E38CCD}.Release|Any CPU.Build.0 = Release|Any CPU
	EndGlobalSection
	GlobalSection(SolutionProperties) = preSolution
		HideSolutionNode = FALSE
	EndGlobalSection
	GlobalSection(NestedProjects) = preSolution
		{0FA4FF65-26DD-4EA9-9693-2DA31F69FB42} = {09C24DBB-4FBD-46EF-B018-A529426A100D}
		{6F1A5F54-52D7-4ECB-BBC3-423710788306} = {0FA4FF65-26DD-4EA9-9693-2DA31F69FB42}
		{05CEA6A0-C056-48D3-BFC5-E70DA91295B7} = {0FA4FF65-26DD-4EA9-9693-2DA31F69FB42}
		{58F07E56-2402-4BCD-A5C9-7789508ADF9D} = {09C24DBB-4FBD-46EF-B018-A529426A100D}
		{ED00E84E-812A-4FFE-A48D-3821F8A2B9EF} = {6F1A5F54-52D7-4ECB-BBC3-423710788306}
		{85ABDAAC-EC61-4099-A803-2E9DDB9F0258} = {09C24DBB-4FBD-46EF-B018-A529426A100D}
		{B38A1B06-9FE7-4166-BFE8-69DEB378852B} = {85ABDAAC-EC61-4099-A803-2E9DDB9F0258}
		{BCCAD0C6-2D41-4D6A-BD47-8900EF8B56CE} = {05CEA6A0-C056-48D3-BFC5-E70DA91295B7}
		{D16FF2C7-9022-42B1-AFF1-7128254FF063} = {58F07E56-2402-4BCD-A5C9-7789508ADF9D}
		{19FB580A-BA73-4E53-BE1F-40C70FB7F9CD} = {58F07E56-2402-4BCD-A5C9-7789508ADF9D}
		{84950543-F69F-4EE0-B3BF-00FEDCCCE5A2} = {09C24DBB-4FBD-46EF-B018-A529426A100D}
		{65605EC0-0F0D-464A-9AC2-9D1706E0E1C9} = {84950543-F69F-4EE0-B3BF-00FEDCCCE5A2}
		{5C9C2FB7-7A4A-4A5A-A3BE-70681060884B} = {F1A7CDD9-E8C5-4DFC-9A86-BF328AD17B17}
		{0C03181D-2A23-4C9B-9BD1-FFB5E43D289D} = {F1A7CDD9-E8C5-4DFC-9A86-BF328AD17B17}
		{EDE18604-4AE5-4E9E-90C0-FE5D29E38CCD} = {F1A7CDD9-E8C5-4DFC-9A86-BF328AD17B17}
	EndGlobalSection
	GlobalSection(ExtensibilityGlobals) = postSolution
		SolutionGuid = {6560BF4B-EF3E-4D8E-8D95-A1C59012E9F2}
	EndGlobalSection
EndGlobal
